<?xml version="1.0" encoding="utf-8"?>
<Project ToolsVersion="4.0" xmlns="http://schemas.microsoft.com/developer/msbuild/2003">
  <ItemGroup>
    <Filter Include="Source Files">
      <UniqueIdentifier>{4FC737F1-C7A5-4376-A066-2A32D752A2FF}</UniqueIdentifier>
      <Extensions>cpp;c;cc;cxx;def;odl;idl;hpj;bat;asm;asmx</Extensions>
    </Filter>
    <Filter Include="Header Files">
      <UniqueIdentifier>{93995380-89BD-4b04-88EB-625FBE52EBFB}</UniqueIdentifier>
      <Extensions>h;hh;hpp;hxx;hm;inl;inc;ipp;xsd</Extensions>
    </Filter>
    <Filter Include="Resource Files">
      <UniqueIdentifier>{67DA6AB6-F800-4c08-8B7A-83BB121AAD01}</UniqueIdentifier>
      <Extensions>rc;ico;cur;bmp;dlg;rc2;rct;bin;rgs;gif;jpg;jpeg;jpe;resx;tiff;tif;png;wav;mfcribbon-ms</Extensions>
    </Filter>
    <Filter Include="Header Files\Initializers">
      <UniqueIdentifier>{c76a7204-bb6c-4e2a-bbe0-3421f022c09d}</UniqueIdentifier>
    </Filter>
    <Filter Include="Source Files\Initializers">
      <UniqueIdentifier>{45b24243-da11-480d-aac6-bf5e72d6a28e}</UniqueIdentifier>
    </Filter>
    <Filter Include="Source Files\Constraints">
      <UniqueIdentifier>{08c5c91a-5e90-431e-8a2f-56c46b699a76}</UniqueIdentifier>
    </Filter>
    <Filter Include="Header Files\Constraints">
      <UniqueIdentifier>{f9595e94-b053-4a26-a68a-afe3b59cb9c8}</UniqueIdentifier>
    </Filter>
    <Filter Include="Header Files\Losses">
      <UniqueIdentifier>{f65fbfb1-5a31-4ad3-a5fc-c3648f1c69e7}</UniqueIdentifier>
    </Filter>
    <Filter Include="Source Files\Losses">
      <UniqueIdentifier>{a5e9f17e-fdd6-4663-8dff-ad066d1268cf}</UniqueIdentifier>
    </Filter>
    <Filter Include="Header Files\Metrices">
      <UniqueIdentifier>{fdb94161-4bdd-450d-a1a8-45132ede0b52}</UniqueIdentifier>
    </Filter>
    <Filter Include="Source Files\Metrices">
      <UniqueIdentifier>{6eeeb60d-854f-4608-8ec2-eaae7f6cb894}</UniqueIdentifier>
    </Filter>
  </ItemGroup>
  <ItemGroup>
    <ClInclude Include="CommonIncludes.h">
      <Filter>Header Files</Filter>
    </ClInclude>
    <ClInclude Include="Global.h">
      <Filter>Header Files</Filter>
    </ClInclude>
    <ClInclude Include="Constraints\BaseConstraint.h">
      <Filter>Header Files\Constraints</Filter>
    </ClInclude>
    <ClInclude Include="Constraints\MaxNorm.h">
      <Filter>Header Files\Constraints</Filter>
    </ClInclude>
    <ClInclude Include="Constraints\MinMaxNorm.h">
      <Filter>Header Files\Constraints</Filter>
    </ClInclude>
    <ClInclude Include="Constraints\NonNeg.h">
      <Filter>Header Files\Constraints</Filter>
    </ClInclude>
    <ClInclude Include="Constraints\UnitNorm.h">
      <Filter>Header Files\Constraints</Filter>
    </ClInclude>
    <ClInclude Include="Initializers\BaseInitializer.h">
      <Filter>Header Files\Initializers</Filter>
    </ClInclude>
    <ClInclude Include="Initializers\Constant.h">
      <Filter>Header Files\Initializers</Filter>
    </ClInclude>
    <ClInclude Include="Initializers\GlorotNormal.h">
      <Filter>Header Files\Initializers</Filter>
    </ClInclude>
    <ClInclude Include="Initializers\GlorotUniform.h">
      <Filter>Header Files\Initializers</Filter>
    </ClInclude>
    <ClInclude Include="Initializers\HeNormal.h">
      <Filter>Header Files\Initializers</Filter>
    </ClInclude>
    <ClInclude Include="Initializers\HeUniform.h">
      <Filter>Header Files\Initializers</Filter>
    </ClInclude>
    <ClInclude Include="Initializers\LecunNormal.h">
      <Filter>Header Files\Initializers</Filter>
    </ClInclude>
    <ClInclude Include="Initializers\LecunUniform.h">
      <Filter>Header Files\Initializers</Filter>
    </ClInclude>
    <ClInclude Include="Initializers\Ones.h">
      <Filter>Header Files\Initializers</Filter>
    </ClInclude>
    <ClInclude Include="Initializers\RandomNormal.h">
      <Filter>Header Files\Initializers</Filter>
    </ClInclude>
    <ClInclude Include="Initializers\RandomUniform.h">
      <Filter>Header Files\Initializers</Filter>
    </ClInclude>
    <ClInclude Include="Initializers\VarianceScaling.h">
      <Filter>Header Files\Initializers</Filter>
    </ClInclude>
    <ClInclude Include="Initializers\Zeros.h">
      <Filter>Header Files\Initializers</Filter>
    </ClInclude>
    <ClInclude Include="Losses\BinaryCrossentropy.h">
      <Filter>Header Files\Losses</Filter>
    </ClInclude>
    <ClInclude Include="Losses\CategorialHinge.h">
      <Filter>Header Files\Losses</Filter>
    </ClInclude>
    <ClInclude Include="Losses\CategoricalCrossentropy.h">
      <Filter>Header Files\Losses</Filter>
    </ClInclude>
    <ClInclude Include="Losses\CosineProximity.h">
      <Filter>Header Files\Losses</Filter>
    </ClInclude>
    <ClInclude Include="Losses\Hinge.h">
      <Filter>Header Files\Losses</Filter>
    </ClInclude>
    <ClInclude Include="Losses\BaseLoss.h">
      <Filter>Header Files\Losses</Filter>
    </ClInclude>
    <ClInclude Include="Losses\KullbackLeiblerDivergence.h">
      <Filter>Header Files\Losses</Filter>
    </ClInclude>
    <ClInclude Include="Losses\LogCosh.h">
      <Filter>Header Files\Losses</Filter>
    </ClInclude>
    <ClInclude Include="Losses\MeanAbsoluteError.h">
      <Filter>Header Files\Losses</Filter>
    </ClInclude>
    <ClInclude Include="Losses\MeanAbsolutePercentageError.h">
      <Filter>Header Files\Losses</Filter>
    </ClInclude>
    <ClInclude Include="Losses\MeanSquaredError.h">
      <Filter>Header Files\Losses</Filter>
    </ClInclude>
    <ClInclude Include="Losses\MeanSquaredLogError.h">
      <Filter>Header Files\Losses</Filter>
    </ClInclude>
    <ClInclude Include="Losses\Poisson.h">
      <Filter>Header Files\Losses</Filter>
    </ClInclude>
    <ClInclude Include="Losses\SquaredHinge.h">
      <Filter>Header Files\Losses</Filter>
    </ClInclude>
    <ClInclude Include="BaseMetric.h">
      <Filter>Header Files</Filter>
    </ClInclude>
    <ClInclude Include="Accuracy.h">
      <Filter>Header Files</Filter>
    </ClInclude>
    <ClInclude Include="constraints.h">
      <Filter>Header Files</Filter>
    </ClInclude>
    <ClInclude Include="initializers.h">
      <Filter>Header Files</Filter>
    </ClInclude>
    <ClInclude Include="losses.h">
      <Filter>Header Files</Filter>
    </ClInclude>
    <ClInclude Include="NNDevice.h">
      <Filter>Header Files</Filter>
    </ClInclude>
  </ItemGroup>
  <ItemGroup>
    <ClCompile Include="Global.cpp">
      <Filter>Source Files</Filter>
    </ClCompile>
    <ClCompile Include="Initializers\BaseInitializer.cpp">
      <Filter>Source Files\Initializers</Filter>
    </ClCompile>
    <ClCompile Include="Initializers\Constant.cpp">
      <Filter>Source Files\Initializers</Filter>
    </ClCompile>
    <ClCompile Include="Initializers\GlorotNormal.cpp">
      <Filter>Source Files\Initializers</Filter>
    </ClCompile>
    <ClCompile Include="Initializers\GlorotUniform.cpp">
      <Filter>Source Files\Initializers</Filter>
    </ClCompile>
    <ClCompile Include="Initializers\HeNormal.cpp">
      <Filter>Source Files\Initializers</Filter>
    </ClCompile>
    <ClCompile Include="Initializers\HeUniform.cpp">
      <Filter>Source Files\Initializers</Filter>
    </ClCompile>
    <ClCompile Include="Initializers\LecunNormal.cpp">
      <Filter>Source Files\Initializers</Filter>
    </ClCompile>
    <ClCompile Include="Initializers\LecunUniform.cpp">
      <Filter>Source Files\Initializers</Filter>
    </ClCompile>
    <ClCompile Include="Initializers\Ones.cpp">
      <Filter>Source Files\Initializers</Filter>
    </ClCompile>
    <ClCompile Include="Initializers\RandomNormal.cpp">
      <Filter>Source Files\Initializers</Filter>
    </ClCompile>
    <ClCompile Include="Initializers\RandomUniform.cpp">
      <Filter>Source Files\Initializers</Filter>
    </ClCompile>
    <ClCompile Include="Initializers\VarianceScaling.cpp">
      <Filter>Source Files\Initializers</Filter>
    </ClCompile>
    <ClCompile Include="Initializers\Zeros.cpp">
      <Filter>Source Files\Initializers</Filter>
    </ClCompile>
    <ClCompile Include="Constraints\BaseConstraint.cpp">
      <Filter>Source Files\Constraints</Filter>
    </ClCompile>
    <ClCompile Include="Constraints\MaxNorm.cpp">
      <Filter>Source Files\Constraints</Filter>
    </ClCompile>
    <ClCompile Include="Constraints\MinMaxNorm.cpp">
      <Filter>Source Files\Constraints</Filter>
    </ClCompile>
    <ClCompile Include="Constraints\NonNeg.cpp">
      <Filter>Source Files\Constraints</Filter>
    </ClCompile>
    <ClCompile Include="Constraints\UnitNorm.cpp">
      <Filter>Source Files\Constraints</Filter>
    </ClCompile>
    <ClCompile Include="Losses\BaseLoss.cpp">
      <Filter>Source Files\Losses</Filter>
    </ClCompile>
    <ClCompile Include="Losses\BinaryCrossentropy.cpp">
      <Filter>Source Files\Losses</Filter>
    </ClCompile>
    <ClCompile Include="Losses\CategorialHinge.cpp">
      <Filter>Source Files\Losses</Filter>
    </ClCompile>
    <ClCompile Include="Losses\CategoricalCrossentropy.cpp">
      <Filter>Source Files\Losses</Filter>
    </ClCompile>
    <ClCompile Include="Losses\CosineProximity.cpp">
      <Filter>Source Files\Losses</Filter>
    </ClCompile>
    <ClCompile Include="Losses\Hinge.cpp">
      <Filter>Source Files\Losses</Filter>
    </ClCompile>
    <ClCompile Include="Losses\KullbackLeiblerDivergence.cpp">
      <Filter>Source Files\Losses</Filter>
    </ClCompile>
    <ClCompile Include="Losses\LogCosh.cpp">
      <Filter>Source Files\Losses</Filter>
    </ClCompile>
    <ClCompile Include="Losses\MeanAbsoluteError.cpp">
      <Filter>Source Files\Losses</Filter>
    </ClCompile>
    <ClCompile Include="Losses\MeanAbsolutePercentageError.cpp">
      <Filter>Source Files\Losses</Filter>
    </ClCompile>
    <ClCompile Include="Losses\MeanSquaredError.cpp">
      <Filter>Source Files\Losses</Filter>
    </ClCompile>
    <ClCompile Include="Losses\MeanSquaredLogError.cpp">
      <Filter>Source Files\Losses</Filter>
    </ClCompile>
    <ClCompile Include="Losses\Poisson.cpp">
      <Filter>Source Files\Losses</Filter>
    </ClCompile>
    <ClCompile Include="Losses\SquaredHinge.cpp">
      <Filter>Source Files\Losses</Filter>
    </ClCompile>
    <ClCompile Include="BaseMetric.cpp">
      <Filter>Source Files</Filter>
    </ClCompile>
    <ClCompile Include="Accuracy.cpp">
      <Filter>Source Files</Filter>
    </ClCompile>
    <ClCompile Include="NNDevice.cpp">
      <Filter>Source Files</Filter>
    </ClCompile>
  </ItemGroup>
</Project>