
Microsoft Visual Studio Solution File, Format Version 12.00
# Visual Studio 15
VisualStudioVersion = 15.0.28307.106
MinimumVisualStudioVersion = 10.0.40219.1
Project("{8BC9CEB8-8B4A-11D0-8D11-00A0C91BC942}") = "NNFire", "NNFire\NNFire.AF.vcxproj", "{990E4C88-5FED-4AAE-B714-2C497C0DAF92}"
EndProject
Project("{8BC9CEB8-8B4A-11D0-8D11-00A0C91BC942}") = "NNFire.Console", "NNFire.Console\NNFire.AF.Console.vcxproj", "{0C731AB6-4CEB-45BD-8B6F-DFFADFAF6435}"
EndProject
Global
	GlobalSection(SolutionConfigurationPlatforms) = preSolution
		Debug|x64 = Debug|x64
		Debug|x86 = Debug|x86
		Release|x64 = Release|x64
		Release|x86 = Release|x86
	EndGlobalSection
	GlobalSection(ProjectConfigurationPlatforms) = postSolution
		{990E4C88-5FED-4AAE-B714-2C497C0DAF92}.Debug|x64.ActiveCfg = Debug|x64
		{990E4C88-5FED-4AAE-B714-2C497C0DAF92}.Debug|x64.Build.0 = Debug|x64
		{990E4C88-5FED-4AAE-B714-2C497C0DAF92}.Debug|x86.ActiveCfg = Debug|Win32
		{990E4C88-5FED-4AAE-B714-2C497C0DAF92}.Debug|x86.Build.0 = Debug|Win32
		{990E4C88-5FED-4AAE-B714-2C497C0DAF92}.Release|x64.ActiveCfg = Release|x64
		{990E4C88-5FED-4AAE-B714-2C497C0DAF92}.Release|x64.Build.0 = Release|x64
		{990E4C88-5FED-4AAE-B714-2C497C0DAF92}.Release|x86.ActiveCfg = Release|Win32
		{990E4C88-5FED-4AAE-B714-2C497C0DAF92}.Release|x86.Build.0 = Release|Win32
		{0C731AB6-4CEB-45BD-8B6F-DFFADFAF6435}.Debug|x64.ActiveCfg = Debug|x64
		{0C731AB6-4CEB-45BD-8B6F-DFFADFAF6435}.Debug|x64.Build.0 = Debug|x64
		{0C731AB6-4CEB-45BD-8B6F-DFFADFAF6435}.Debug|x86.ActiveCfg = Debug|Win32
		{0C731AB6-4CEB-45BD-8B6F-DFFADFAF6435}.Debug|x86.Build.0 = Debug|Win32
		{0C731AB6-4CEB-45BD-8B6F-DFFADFAF6435}.Release|x64.ActiveCfg = Release|x64
		{0C731AB6-4CEB-45BD-8B6F-DFFADFAF6435}.Release|x64.Build.0 = Release|x64
		{0C731AB6-4CEB-45BD-8B6F-DFFADFAF6435}.Release|x86.ActiveCfg = Release|Win32
		{0C731AB6-4CEB-45BD-8B6F-DFFADFAF6435}.Release|x86.Build.0 = Release|Win32
	EndGlobalSection
	GlobalSection(SolutionProperties) = preSolution
		HideSolutionNode = FALSE
	EndGlobalSection
	GlobalSection(ExtensibilityGlobals) = postSolution
		SolutionGuid = {36871B79-55F0-4912-94F1-4C8E2C00E0BF}
	EndGlobalSection
EndGlobal
